
Microsoft Visual Studio Solution File, Format Version 12.00
# Visual Studio Version 17
VisualStudioVersion = 17.14.36603.0 d17.14
MinimumVisualStudioVersion = 10.0.40219.1
Project("{FAE04EC0-301F-11D3-BF4B-00C04F79EFBC}") = "DataType_Task2_Romb", "DataType_Task2_Romb\DataType_Task2_Romb.csproj", "{D10A282F-2FBF-4A77-B8B4-5A1ED915278B}"
EndProject
Global
	GlobalSection(SolutionConfigurationPlatforms) = preSolution
		Debug|Any CPU = Debug|Any CPU
		Release|Any CPU = Release|Any CPU
	EndGlobalSection
	GlobalSection(ProjectConfigurationPlatforms) = postSolution
		{D10A282F-2FBF-4A77-B8B4-5A1ED915278B}.Debug|Any CPU.ActiveCfg = Debug|Any CPU
		{D10A282F-2FBF-4A77-B8B4-5A1ED915278B}.Debug|Any CPU.Build.0 = Debug|Any CPU
		{D10A282F-2FBF-4A77-B8B4-5A1ED915278B}.Release|Any CPU.ActiveCfg = Release|Any CPU
		{D10A282F-2FBF-4A77-B8B4-5A1ED915278B}.Release|Any CPU.Build.0 = Release|Any CPU
	EndGlobalSection
	GlobalSection(SolutionProperties) = preSolution
		HideSolutionNode = FALSE
	EndGlobalSection
	GlobalSection(ExtensibilityGlobals) = postSolution
		SolutionGuid = {DF3F6255-ECB5-4DFF-ADC4-35A261B15984}
	EndGlobalSection
EndGlobal
